
Microsoft Visual Studio Solution File, Format Version 12.00
# Visual Studio Version 17
VisualStudioVersion = 17.8.34309.116
MinimumVisualStudioVersion = 10.0.40219.1
Project("{2150E333-8FDC-42A3-9474-1A3956D46DE8}") = "FrontEnd", "FrontEnd", "{E7A9BD44-8860-4D6D-B991-FB001A09EB4C}"
EndProject
Project("{FAE04EC0-301F-11D3-BF4B-00C04F79EFBC}") = "PS.PortRestaurant.Web", "PS.PortRestaurant.Web\PS.PortRestaurant.Web.csproj", "{2A31FF18-8772-4F8E-8DA3-3AC282A3CE30}"
EndProject
Global
	GlobalSection(SolutionConfigurationPlatforms) = preSolution
		Debug|Any CPU = Debug|Any CPU
		Release|Any CPU = Release|Any CPU
	EndGlobalSection
	GlobalSection(ProjectConfigurationPlatforms) = postSolution
		{2A31FF18-8772-4F8E-8DA3-3AC282A3CE30}.Debug|Any CPU.ActiveCfg = Debug|Any CPU
		{2A31FF18-8772-4F8E-8DA3-3AC282A3CE30}.Debug|Any CPU.Build.0 = Debug|Any CPU
		{2A31FF18-8772-4F8E-8DA3-3AC282A3CE30}.Release|Any CPU.ActiveCfg = Release|Any CPU
		{2A31FF18-8772-4F8E-8DA3-3AC282A3CE30}.Release|Any CPU.Build.0 = Release|Any CPU
	EndGlobalSection
	GlobalSection(SolutionProperties) = preSolution
		HideSolutionNode = FALSE
	EndGlobalSection
	GlobalSection(NestedProjects) = preSolution
		{2A31FF18-8772-4F8E-8DA3-3AC282A3CE30} = {E7A9BD44-8860-4D6D-B991-FB001A09EB4C}
	EndGlobalSection
	GlobalSection(ExtensibilityGlobals) = postSolution
		SolutionGuid = {4C747E10-E08B-4A95-8C15-086578E2E324}
	EndGlobalSection
EndGlobal
